
Microsoft Visual Studio Solution File, Format Version 12.00
# Visual Studio Version 17
VisualStudioVersion = 17.5.002.0
MinimumVisualStudioVersion = 10.0.40219.1
Project("{9A19103F-16F7-4668-BE54-9A1E7A4F7556}") = "U2Drawx64", "U2Drawx64.csproj", "{BA03D8CA-F0ED-4D0F-A51A-CFC03037E505}"
EndProject
Global
	GlobalSection(SolutionConfigurationPlatforms) = preSolution
		Debug|Any CPU = Debug|Any CPU
		Release|Any CPU = Release|Any CPU
	EndGlobalSection
	GlobalSection(ProjectConfigurationPlatforms) = postSolution
		{BA03D8CA-F0ED-4D0F-A51A-CFC03037E505}.Debug|Any CPU.ActiveCfg = Debug|Any CPU
		{BA03D8CA-F0ED-4D0F-A51A-CFC03037E505}.Debug|Any CPU.Build.0 = Debug|Any CPU
		{BA03D8CA-F0ED-4D0F-A51A-CFC03037E505}.Release|Any CPU.ActiveCfg = Release|Any CPU
		{BA03D8CA-F0ED-4D0F-A51A-CFC03037E505}.Release|Any CPU.Build.0 = Release|Any CPU
	EndGlobalSection
	GlobalSection(SolutionProperties) = preSolution
		HideSolutionNode = FALSE
	EndGlobalSection
	GlobalSection(ExtensibilityGlobals) = postSolution
		SolutionGuid = {C6742755-A7F5-47A0-B368-4034E7BEF48B}
	EndGlobalSection
EndGlobal
